PODS:
  - fl_umeng (0.0.1):
    - Flutter
    - UMCommon
    - UMDevice
  - fl_umeng_apm (0.0.1):
    - fl_umeng
    - Flutter
    - UMAPM
  - Flutter (1.0.0)
  - UMAPM (1.8.4)
  - UMCommon (7.4.1):
    - UMDevice
  - UMDevice (3.1.0)

DEPENDENCIES:
  - fl_umeng (from `.symlinks/plugins/fl_umeng/ios`)
  - fl_umeng_apm (from `.symlinks/plugins/fl_umeng_apm/ios`)
  - Flutter (from `Flutter`)

SPEC REPOS:
  trunk:
    - UMAPM
    - UMCommon
    - UMDevice

EXTERNAL SOURCES:
  fl_umeng:
    :path: ".symlinks/plugins/fl_umeng/ios"
  fl_umeng_apm:
    :path: ".symlinks/plugins/fl_umeng_apm/ios"
  Flutter:
    :path: Flutter

SPEC CHECKSUMS:
  fl_umeng: c71039d9231d125789de8ad2c5b8bbb901464f4c
  fl_umeng_apm: c9e40f03394f69e281d4d1f0597b0d41bdd34e91
  Flutter: e0871f40cf51350855a761d2e70bf5af5b9b5de7
  UMAPM: f3d56b9a9c445af10a74f0cdbf5417045d2ab4f2
  UMCommon: 47e0b53f6a36568e958a5abd005ed7577fcac9ad
  UMDevice: 9ef8045b59e0479cff7062915c879a1af46fa094

PODFILE CHECKSUM: c4c93c5f6502fe2754f48404d3594bf779584011

COCOAPODS: 1.15.2
