PODS:
  - fl_umeng (0.0.1):
    - Flutter
    - UMCommon
    - UMDevice
  - fl_umeng_apm (0.0.1):
    - fl_umeng
    - Flutter
    - UMAPM
  - Flutter (1.0.0)
  - UMAPM (1.9.10):
    - UMCommon
  - UMCommon (7.5.0):
    - UMDevice
  - UMDevice (3.4.0)

DEPENDENCIES:
  - fl_umeng (from `.symlinks/plugins/fl_umeng/ios`)
  - fl_umeng_apm (from `.symlinks/plugins/fl_umeng_apm/ios`)
  - Flutter (from `Flutter`)

SPEC REPOS:
  trunk:
    - UMAPM
    - UMCommon
    - UMDevice

EXTERNAL SOURCES:
  fl_umeng:
    :path: ".symlinks/plugins/fl_umeng/ios"
  fl_umeng_apm:
    :path: ".symlinks/plugins/fl_umeng_apm/ios"
  Flutter:
    :path: Flutter

SPEC CHECKSUMS:
  fl_umeng: b9e5f1ef93e858f3226ccebf89c549f0464869fd
  fl_umeng_apm: 5ad59cd2662e07ed1a4a7cc2bd88cd2cd0e3735c
  Flutter: e0871f40cf51350855a761d2e70bf5af5b9b5de7
  UMAPM: bce5ec6b56dda703f7f828b0126e85597c77bf75
  UMCommon: 9bfb19a2f40c2521901dacb579bccb0b1cdba8da
  UMDevice: dcdf7ec167387837559d149fbc7d793d984faf82

PODFILE CHECKSUM: 4e8f8b2be68aeea4c0d5beb6ff1e79fface1d048

COCOAPODS: 1.15.2
