PODS:
  - fl_umeng (0.0.1):
    - Flutter
    - UMCommon
    - UMDevice
  - fl_umeng_link (0.0.1):
    - fl_umeng
    - Flutter
    - UMLink
  - Flutter (1.0.0)
  - UMCommon (7.4.1):
    - UMDevice
  - UMDevice (3.1.0)
  - UMLink (1.2.0):
    - UMCommon

DEPENDENCIES:
  - fl_umeng (from `.symlinks/plugins/fl_umeng/ios`)
  - fl_umeng_link (from `.symlinks/plugins/fl_umeng_link/ios`)
  - Flutter (from `Flutter`)

SPEC REPOS:
  trunk:
    - UMCommon
    - UMDevice
    - UMLink

EXTERNAL SOURCES:
  fl_umeng:
    :path: ".symlinks/plugins/fl_umeng/ios"
  fl_umeng_link:
    :path: ".symlinks/plugins/fl_umeng_link/ios"
  Flutter:
    :path: Flutter

SPEC CHECKSUMS:
  fl_umeng: c71039d9231d125789de8ad2c5b8bbb901464f4c
  fl_umeng_link: 343b166d315519e3d668f0d4cdc0df11875b1442
  Flutter: e0871f40cf51350855a761d2e70bf5af5b9b5de7
  UMCommon: 47e0b53f6a36568e958a5abd005ed7577fcac9ad
  UMDevice: 9ef8045b59e0479cff7062915c879a1af46fa094
  UMLink: d5047e2716c2571d120d890af0f7a41d1b5e5224

PODFILE CHECKSUM: c4c93c5f6502fe2754f48404d3594bf779584011

COCOAPODS: 1.16.2
