PODS:
  - fl_umeng (0.0.1):
    - Flutter
    - UMCommon
    - UMDevice
  - fl_umeng_link (0.0.1):
    - fl_umeng
    - Flutter
    - UMLink
  - Flutter (1.0.0)
  - UMCommon (7.5.0):
    - UMDevice
  - UMDevice (3.4.0)
  - UMLink (1.3.0):
    - UMCommon

DEPENDENCIES:
  - fl_umeng (from `.symlinks/plugins/fl_umeng/ios`)
  - fl_umeng_link (from `.symlinks/plugins/fl_umeng_link/ios`)
  - Flutter (from `Flutter`)

SPEC REPOS:
  trunk:
    - UMCommon
    - UMDevice
    - UMLink

EXTERNAL SOURCES:
  fl_umeng:
    :path: ".symlinks/plugins/fl_umeng/ios"
  fl_umeng_link:
    :path: ".symlinks/plugins/fl_umeng_link/ios"
  Flutter:
    :path: Flutter

SPEC CHECKSUMS:
  fl_umeng: c1ac4ee4350291580d22c7cbdf1c4803b587a1d4
  fl_umeng_link: 40d064a6abf706fe5c29a1b283b91c129e8e05dc
  Flutter: e0871f40cf51350855a761d2e70bf5af5b9b5de7
  UMCommon: 9bfb19a2f40c2521901dacb579bccb0b1cdba8da
  UMDevice: dcdf7ec167387837559d149fbc7d793d984faf82
  UMLink: 6c43368c378c2b7e20ed8427f896e9810e419ca1

PODFILE CHECKSUM: 4e8f8b2be68aeea4c0d5beb6ff1e79fface1d048

COCOAPODS: 1.15.2
